
Microsoft Visual Studio Solution File, Format Version 12.00
# Visual Studio 15
VisualStudioVersion = 15.0.26430.16
MinimumVisualStudioVersion = 10.0.40219.1
Project("{8BC9CEB8-8B4A-11D0-8D11-00A0C91BC942}") = "xml_sync", "xml_sync\xml_sync.vcxproj", "{55CF0E4F-F51E-4331-80F2-DE7CC11828A6}"
EndProject
Project("{FAE04EC0-301F-11D3-BF4B-00C04F79EFBC}") = "UpdateXml", "UpdateXml\UpdateXml.csproj", "{54A1E50A-CEE5-42F9-AAC9-A2CC90563D7A}"
EndProject
Global
	GlobalSection(SolutionConfigurationPlatforms) = preSolution
		Debug|Any CPU = Debug|Any CPU
		Debug|Win32 = Debug|Win32
		Release|Any CPU = Release|Any CPU
		Release|Win32 = Release|Win32
	EndGlobalSection
	GlobalSection(ProjectConfigurationPlatforms) = postSolution
		{55CF0E4F-F51E-4331-80F2-DE7CC11828A6}.Debug|Any CPU.ActiveCfg = Debug|Win32
		{55CF0E4F-F51E-4331-80F2-DE7CC11828A6}.Debug|Win32.ActiveCfg = Debug|Win32
		{55CF0E4F-F51E-4331-80F2-DE7CC11828A6}.Debug|Win32.Build.0 = Debug|Win32
		{55CF0E4F-F51E-4331-80F2-DE7CC11828A6}.Release|Any CPU.ActiveCfg = Release|Win32
		{55CF0E4F-F51E-4331-80F2-DE7CC11828A6}.Release|Win32.ActiveCfg = Release|Win32
		{55CF0E4F-F51E-4331-80F2-DE7CC11828A6}.Release|Win32.Build.0 = Release|Win32
		{54A1E50A-CEE5-42F9-AAC9-A2CC90563D7A}.Debug|Any CPU.ActiveCfg = Debug|Any CPU
		{54A1E50A-CEE5-42F9-AAC9-A2CC90563D7A}.Debug|Any CPU.Build.0 = Debug|Any CPU
		{54A1E50A-CEE5-42F9-AAC9-A2CC90563D7A}.Debug|Win32.ActiveCfg = Debug|Any CPU
		{54A1E50A-CEE5-42F9-AAC9-A2CC90563D7A}.Debug|Win32.Build.0 = Debug|Any CPU
		{54A1E50A-CEE5-42F9-AAC9-A2CC90563D7A}.Release|Any CPU.ActiveCfg = Release|Any CPU
		{54A1E50A-CEE5-42F9-AAC9-A2CC90563D7A}.Release|Any CPU.Build.0 = Release|Any CPU
		{54A1E50A-CEE5-42F9-AAC9-A2CC90563D7A}.Release|Win32.ActiveCfg = Release|Any CPU
		{54A1E50A-CEE5-42F9-AAC9-A2CC90563D7A}.Release|Win32.Build.0 = Release|Any CPU
	EndGlobalSection
	GlobalSection(SolutionProperties) = preSolution
		HideSolutionNode = FALSE
	EndGlobalSection
EndGlobal
